
Microsoft Visual Studio Solution File, Format Version 12.00
# Visual Studio Version 17
VisualStudioVersion = 17.5.002.0
MinimumVisualStudioVersion = 10.0.40219.1
Project("{9A19103F-16F7-4668-BE54-9A1E7A4F7556}") = "DesafioPOO", "DesafioPOO.csproj", "{20F541D0-3BA0-43A9-BAB1-E1E37A8E2495}"
EndProject
Global
	GlobalSection(SolutionConfigurationPlatforms) = preSolution
		Debug|Any CPU = Debug|Any CPU
		Release|Any CPU = Release|Any CPU
	EndGlobalSection
	GlobalSection(ProjectConfigurationPlatforms) = postSolution
		{20F541D0-3BA0-43A9-BAB1-E1E37A8E2495}.Debug|Any CPU.ActiveCfg = Debug|Any CPU
		{20F541D0-3BA0-43A9-BAB1-E1E37A8E2495}.Debug|Any CPU.Build.0 = Debug|Any CPU
		{20F541D0-3BA0-43A9-BAB1-E1E37A8E2495}.Release|Any CPU.ActiveCfg = Release|Any CPU
		{20F541D0-3BA0-43A9-BAB1-E1E37A8E2495}.Release|Any CPU.Build.0 = Release|Any CPU
	EndGlobalSection
	GlobalSection(SolutionProperties) = preSolution
		HideSolutionNode = FALSE
	EndGlobalSection
	GlobalSection(ExtensibilityGlobals) = postSolution
		SolutionGuid = {E00C84F1-64C1-4D98-988F-35D89C4EEC6A}
	EndGlobalSection
EndGlobal
